
Microsoft Visual Studio Solution File, Format Version 12.00
# Visual Studio Version 17
VisualStudioVersion = 17.8.34511.84
MinimumVisualStudioVersion = 10.0.40219.1
Project("{9A19103F-16F7-4668-BE54-9A1E7A4F7556}") = "Project.Server", "Project.Server\Project.Server.csproj", "{AA8F94B1-6ACC-4277-97B0-407AC2752A20}"
EndProject
Project("{9A19103F-16F7-4668-BE54-9A1E7A4F7556}") = "Project.Models", "Project.Models\Project.Models.csproj", "{F678436E-67A7-4BB3-A4DE-882C8C67FE44}"
EndProject
Project("{9A19103F-16F7-4668-BE54-9A1E7A4F7556}") = "Project.DataAccess", "Project.DataAccess\Project.DataAccess.csproj", "{BE895B68-E8B7-4ADE-BF4B-76F65D75E667}"
EndProject
Project("{9A19103F-16F7-4668-BE54-9A1E7A4F7556}") = "Project.BusinessLogic", "Project.BusinessLogic\Project.BusinessLogic.csproj", "{58ACAE5C-78A5-4F72-8A99-F0432C281E0D}"
EndProject
Project("{2150E333-8FDC-42A3-9474-1A3956D46DE8}") = "_Tests", "_Tests", "{34A32D18-63CB-4146-BE8C-408294E0F1E5}"
EndProject
Project("{9A19103F-16F7-4668-BE54-9A1E7A4F7556}") = "BusinessLogic.Tests", "_Tests\BusinessLogic.Tests\BusinessLogic.Tests\BusinessLogic.Tests.csproj", "{953EC989-E0DC-447E-AB5C-259F356A1192}"
EndProject
Global
	GlobalSection(SolutionConfigurationPlatforms) = preSolution
		Debug|Any CPU = Debug|Any CPU
		Release|Any CPU = Release|Any CPU
	EndGlobalSection
	GlobalSection(ProjectConfigurationPlatforms) = postSolution
		{AA8F94B1-6ACC-4277-97B0-407AC2752A20}.Debug|Any CPU.ActiveCfg = Debug|Any CPU
		{AA8F94B1-6ACC-4277-97B0-407AC2752A20}.Debug|Any CPU.Build.0 = Debug|Any CPU
		{AA8F94B1-6ACC-4277-97B0-407AC2752A20}.Release|Any CPU.ActiveCfg = Release|Any CPU
		{AA8F94B1-6ACC-4277-97B0-407AC2752A20}.Release|Any CPU.Build.0 = Release|Any CPU
		{F678436E-67A7-4BB3-A4DE-882C8C67FE44}.Debug|Any CPU.ActiveCfg = Debug|Any CPU
		{F678436E-67A7-4BB3-A4DE-882C8C67FE44}.Debug|Any CPU.Build.0 = Debug|Any CPU
		{F678436E-67A7-4BB3-A4DE-882C8C67FE44}.Release|Any CPU.ActiveCfg = Release|Any CPU
		{F678436E-67A7-4BB3-A4DE-882C8C67FE44}.Release|Any CPU.Build.0 = Release|Any CPU
		{BE895B68-E8B7-4ADE-BF4B-76F65D75E667}.Debug|Any CPU.ActiveCfg = Debug|Any CPU
		{BE895B68-E8B7-4ADE-BF4B-76F65D75E667}.Debug|Any CPU.Build.0 = Debug|Any CPU
		{BE895B68-E8B7-4ADE-BF4B-76F65D75E667}.Release|Any CPU.ActiveCfg = Release|Any CPU
		{BE895B68-E8B7-4ADE-BF4B-76F65D75E667}.Release|Any CPU.Build.0 = Release|Any CPU
		{58ACAE5C-78A5-4F72-8A99-F0432C281E0D}.Debug|Any CPU.ActiveCfg = Debug|Any CPU
		{58ACAE5C-78A5-4F72-8A99-F0432C281E0D}.Debug|Any CPU.Build.0 = Debug|Any CPU
		{58ACAE5C-78A5-4F72-8A99-F0432C281E0D}.Release|Any CPU.ActiveCfg = Release|Any CPU
		{58ACAE5C-78A5-4F72-8A99-F0432C281E0D}.Release|Any CPU.Build.0 = Release|Any CPU
		{953EC989-E0DC-447E-AB5C-259F356A1192}.Debug|Any CPU.ActiveCfg = Debug|Any CPU
		{953EC989-E0DC-447E-AB5C-259F356A1192}.Debug|Any CPU.Build.0 = Debug|Any CPU
		{953EC989-E0DC-447E-AB5C-259F356A1192}.Release|Any CPU.ActiveCfg = Release|Any CPU
		{953EC989-E0DC-447E-AB5C-259F356A1192}.Release|Any CPU.Build.0 = Release|Any CPU
	EndGlobalSection
	GlobalSection(SolutionProperties) = preSolution
		HideSolutionNode = FALSE
	EndGlobalSection
	GlobalSection(NestedProjects) = preSolution
		{953EC989-E0DC-447E-AB5C-259F356A1192} = {34A32D18-63CB-4146-BE8C-408294E0F1E5}
	EndGlobalSection
	GlobalSection(ExtensibilityGlobals) = postSolution
		SolutionGuid = {DB70EB72-2C80-45F1-BE7D-A7ECF387B292}
	EndGlobalSection
EndGlobal
